{
  "name": "Infinity-task-protocol",
  "lockfileVersion": 3,
  "requires": true,
  "packages": {
    "": {
      "dependencies": {
        "@dfinity/principal": "^2.4.1"
      }
    },
    "node_modules/@dfinity/principal": {
      "version": "2.4.1",
      "resolved": "https://registry.npmjs.org/@dfinity/principal/-/principal-2.4.1.tgz",
      "integrity": "sha512-Cz6XQVOwq0TXDBClPbcidDd4SqK1lfr1/Kn34ruDD13xVQ4iaP1iCntzS9O97+vGpY/6jwDtKd32Gn5YJ9BQNw==",
      "license": "Apache-2.0",
      "dependencies": {
        "@noble/hashes": "^1.3.1"
      }
    },
    "node_modules/@noble/hashes": {
      "version": "1.8.0",
      "resolved": "https://registry.npmjs.org/@noble/hashes/-/hashes-1.8.0.tgz",
      "integrity": "sha512-jCs9ldd7NwzpgXDIf6P3+NrHh9/sD6CQdxHyjQI+h/6rDNo88ypBxxz45UDuZHz9r3tNz7N/VInSVoVdtXEI4A==",
      "license": "MIT",
      "engines": {
        "node": "^14.21.3 || >=16"
      },
      "funding": {
        "url": "https://paulmillr.com/funding/"
      }
    }
  }
}
